
Microsoft Visual Studio Solution File, Format Version 12.00
# Visual Studio Version 17
VisualStudioVersion = 17.14.36414.22 d17.14
MinimumVisualStudioVersion = 10.0.40219.1
Project("{FAE04EC0-301F-11D3-BF4B-00C04F79EFBC}") = "8-Ariketa", "8-Ariketa\8-Ariketa.csproj", "{FDF25F45-9392-4972-866D-AB19D7CB338C}"
EndProject
Global
	GlobalSection(SolutionConfigurationPlatforms) = preSolution
		Debug|Any CPU = Debug|Any CPU
		Release|Any CPU = Release|Any CPU
	EndGlobalSection
	GlobalSection(ProjectConfigurationPlatforms) = postSolution
		{FDF25F45-9392-4972-866D-AB19D7CB338C}.Debug|Any CPU.ActiveCfg = Debug|Any CPU
		{FDF25F45-9392-4972-866D-AB19D7CB338C}.Debug|Any CPU.Build.0 = Debug|Any CPU
		{FDF25F45-9392-4972-866D-AB19D7CB338C}.Release|Any CPU.ActiveCfg = Release|Any CPU
		{FDF25F45-9392-4972-866D-AB19D7CB338C}.Release|Any CPU.Build.0 = Release|Any CPU
	EndGlobalSection
	GlobalSection(SolutionProperties) = preSolution
		HideSolutionNode = FALSE
	EndGlobalSection
	GlobalSection(ExtensibilityGlobals) = postSolution
		SolutionGuid = {98E7CD05-3027-40AA-9498-65CEC09C5A23}
	EndGlobalSection
EndGlobal
