
Microsoft Visual Studio Solution File, Format Version 12.00
# Visual Studio Version 17
VisualStudioVersion = 17.14.36414.22 d17.14
MinimumVisualStudioVersion = 10.0.40219.1
Project("{FAE04EC0-301F-11D3-BF4B-00C04F79EFBC}") = "11-Ariketa", "11-Ariketa\11-Ariketa.csproj", "{615B8570-0B07-48C6-A27B-CC090F823509}"
EndProject
Global
	GlobalSection(SolutionConfigurationPlatforms) = preSolution
		Debug|Any CPU = Debug|Any CPU
		Release|Any CPU = Release|Any CPU
	EndGlobalSection
	GlobalSection(ProjectConfigurationPlatforms) = postSolution
		{615B8570-0B07-48C6-A27B-CC090F823509}.Debug|Any CPU.ActiveCfg = Debug|Any CPU
		{615B8570-0B07-48C6-A27B-CC090F823509}.Debug|Any CPU.Build.0 = Debug|Any CPU
		{615B8570-0B07-48C6-A27B-CC090F823509}.Release|Any CPU.ActiveCfg = Release|Any CPU
		{615B8570-0B07-48C6-A27B-CC090F823509}.Release|Any CPU.Build.0 = Release|Any CPU
	EndGlobalSection
	GlobalSection(SolutionProperties) = preSolution
		HideSolutionNode = FALSE
	EndGlobalSection
	GlobalSection(ExtensibilityGlobals) = postSolution
		SolutionGuid = {B4EA6E26-5DBD-43C1-A863-E97F70C9A7A0}
	EndGlobalSection
EndGlobal
